
Microsoft Visual Studio Solution File, Format Version 12.00
# Visual Studio Version 17
VisualStudioVersion = 17.2.32519.379
MinimumVisualStudioVersion = 10.0.40219.1
Project("{FAE04EC0-301F-11D3-BF4B-00C04F79EFBC}") = "TP-Integrador-Lab3", "TP-Integrador-Lab3\TP-Integrador-Lab3.csproj", "{42A463D5-9A65-4477-BD94-FF3A062C02B9}"
EndProject
Global
	GlobalSection(SolutionConfigurationPlatforms) = preSolution
		Debug|Any CPU = Debug|Any CPU
		Release|Any CPU = Release|Any CPU
	EndGlobalSection
	GlobalSection(ProjectConfigurationPlatforms) = postSolution
		{42A463D5-9A65-4477-BD94-FF3A062C02B9}.Debug|Any CPU.ActiveCfg = Debug|Any CPU
		{42A463D5-9A65-4477-BD94-FF3A062C02B9}.Debug|Any CPU.Build.0 = Debug|Any CPU
		{42A463D5-9A65-4477-BD94-FF3A062C02B9}.Release|Any CPU.ActiveCfg = Release|Any CPU
		{42A463D5-9A65-4477-BD94-FF3A062C02B9}.Release|Any CPU.Build.0 = Release|Any CPU
	EndGlobalSection
	GlobalSection(SolutionProperties) = preSolution
		HideSolutionNode = FALSE
	EndGlobalSection
	GlobalSection(ExtensibilityGlobals) = postSolution
		SolutionGuid = {D9E18EB2-D5C8-4CCC-B7B2-98B60461D4A8}
	EndGlobalSection
EndGlobal
